
Microsoft Visual Studio Solution File, Format Version 12.00
# Visual Studio 14
VisualStudioVersion = 14.0.25420.1
MinimumVisualStudioVersion = 10.0.40219.1
Project("{FAE04EC0-301F-11D3-BF4B-00C04F79EFBC}") = "DataReaderMapper", "DataReaderMapper\DataReaderMapper.csproj", "{C1715A4B-F4B2-46E8-86ED-7B39899D507A}"
EndProject
Project("{FAE04EC0-301F-11D3-BF4B-00C04F79EFBC}") = "DataReaderMapper.Tests", "DataReaderMapper.Tests\DataReaderMapper.Tests.csproj", "{55BA86F7-5A74-4F53-A604-BB311A7F7974}"
EndProject
Global
	GlobalSection(SolutionConfigurationPlatforms) = preSolution
		Debug|Any CPU = Debug|Any CPU
		Release|Any CPU = Release|Any CPU
	EndGlobalSection
	GlobalSection(ProjectConfigurationPlatforms) = postSolution
		{C1715A4B-F4B2-46E8-86ED-7B39899D507A}.Debug|Any CPU.ActiveCfg = Debug|Any CPU
		{C1715A4B-F4B2-46E8-86ED-7B39899D507A}.Debug|Any CPU.Build.0 = Debug|Any CPU
		{C1715A4B-F4B2-46E8-86ED-7B39899D507A}.Release|Any CPU.ActiveCfg = Release|Any CPU
		{C1715A4B-F4B2-46E8-86ED-7B39899D507A}.Release|Any CPU.Build.0 = Release|Any CPU
		{55BA86F7-5A74-4F53-A604-BB311A7F7974}.Debug|Any CPU.ActiveCfg = Debug|Any CPU
		{55BA86F7-5A74-4F53-A604-BB311A7F7974}.Debug|Any CPU.Build.0 = Debug|Any CPU
		{55BA86F7-5A74-4F53-A604-BB311A7F7974}.Release|Any CPU.ActiveCfg = Release|Any CPU
		{55BA86F7-5A74-4F53-A604-BB311A7F7974}.Release|Any CPU.Build.0 = Release|Any CPU
	EndGlobalSection
	GlobalSection(SolutionProperties) = preSolution
		HideSolutionNode = FALSE
	EndGlobalSection
EndGlobal
